# This file is automatically @generated by Poetry 1.8.3 and should not be changed by hand.

[[package]]
name = "attrs"
version = "23.2.0"
description = "Classes Without Boilerplate"
optional = false
python-versions = ">=3.7"
files = [
    {file = "attrs-23.2.0-py3-none-any.whl", hash = "sha256:99b87a485a5820b23b879f04c2305b44b951b502fd64be915879d77a7e8fc6f1"},
    {file = "attrs-23.2.0.tar.gz", hash = "sha256:935dc3b529c262f6cf76e50877d35a4bd3c1de194fd41f47a2b7ae8f19971f30"},
]

[package.extras]
cov = ["attrs[tests]", "coverage[toml] (>=5.3)"]
dev = ["attrs[tests]", "pre-commit"]
docs = ["furo", "myst-parser", "sphinx", "sphinx-notfound-page", "sphinxcontrib-towncrier", "towncrier", "zope-interface"]
tests = ["attrs[tests-no-zope]", "zope-interface"]
tests-mypy = ["mypy (>=1.6)", "pytest-mypy-plugins"]
tests-no-zope = ["attrs[tests-mypy]", "cloudpickle", "hypothesis", "pympler", "pytest (>=4.3.0)", "pytest-xdist[psutil]"]

[[package]]
name = "automat"
version = "22.10.0"
description = "Self-service finite-state machines for the programmer on the go."
optional = false
python-versions = "*"
files = [
    {file = "Automat-22.10.0-py2.py3-none-any.whl", hash = "sha256:c3164f8742b9dc440f3682482d32aaff7bb53f71740dd018533f9de286b64180"},
    {file = "Automat-22.10.0.tar.gz", hash = "sha256:e56beb84edad19dcc11d30e8d9b895f75deeb5ef5e96b84a467066b3b84bb04e"},
]

[package.dependencies]
attrs = ">=19.2.0"
six = "*"

[package.extras]
visualize = ["Twisted (>=16.1.1)", "graphviz (>0.5.1)"]

[[package]]
name = "constantly"
version = "23.10.4"
description = "Symbolic constants in Python"
optional = false
python-versions = ">=3.8"
files = [
    {file = "constantly-23.10.4-py3-none-any.whl", hash = "sha256:3fd9b4d1c3dc1ec9757f3c52aef7e53ad9323dbe39f51dfd4c43853b68dfa3f9"},
    {file = "constantly-23.10.4.tar.gz", hash = "sha256:aa92b70a33e2ac0bb33cd745eb61776594dc48764b06c35e0efd050b7f1c7cbd"},
]

[[package]]
name = "hyperlink"
version = "21.0.0"
description = "A featureful, immutable, and correct URL for Python."
optional = false
python-versions = ">=2.6, !=3.0.*, !=3.1.*, !=3.2.*, !=3.3.*"
files = [
    {file = "hyperlink-21.0.0-py2.py3-none-any.whl", hash = "sha256:e6b14c37ecb73e89c77d78cdb4c2cc8f3fb59a885c5b3f819ff4ed80f25af1b4"},
    {file = "hyperlink-21.0.0.tar.gz", hash = "sha256:427af957daa58bc909471c6c40f74c5450fa123dd093fc53efd2e91d2705a56b"},
]

[package.dependencies]
idna = ">=2.5"

[[package]]
name = "idna"
version = "3.7"
description = "Internationalized Domain Names in Applications (IDNA)"
optional = false
python-versions = ">=3.5"
files = [
    {file = "idna-3.7-py3-none-any.whl", hash = "sha256:82fee1fc78add43492d3a1898bfa6d8a904cc97d8427f683ed8e798d07761aa0"},
    {file = "idna-3.7.tar.gz", hash = "sha256:028ff3aadf0609c1fd278d8ea3089299412a7a8b9bd005dd08b9f8285bcb5cfc"},
]

[[package]]
name = "incremental"
version = "24.7.2"
description = "A small library that versions your Python projects."
optional = false
python-versions = ">=3.8"
files = [
    {file = "incremental-24.7.2-py3-none-any.whl", hash = "sha256:8cb2c3431530bec48ad70513931a760f446ad6c25e8333ca5d95e24b0ed7b8fe"},
    {file = "incremental-24.7.2.tar.gz", hash = "sha256:fb4f1d47ee60efe87d4f6f0ebb5f70b9760db2b2574c59c8e8912be4ebd464c9"},
]

[package.dependencies]
setuptools = ">=61.0"

[package.extras]
scripts = ["click (>=6.0)"]

[[package]]
name = "setuptools"
version = "70.0.0"
description = "Easily download, build, install, upgrade, and uninstall Python packages"
optional = false
python-versions = ">=3.8"
files = [
    {file = "setuptools-70.0.0-py3-none-any.whl", hash = "sha256:54faa7f2e8d2d11bcd2c07bed282eef1046b5c080d1c32add737d7b5817b1ad4"},
    {file = "setuptools-70.0.0.tar.gz", hash = "sha256:f211a66637b8fa059bb28183da127d4e86396c991a942b028c6650d4319c3fd0"},
]

[package.extras]
docs = ["furo", "jaraco.packaging (>=9.3)", "jaraco.tidelift (>=1.4)", "pygments-github-lexers (==0.0.5)", "pyproject-hooks (!=1.1)", "rst.linker (>=1.9)", "sphinx (>=3.5)", "sphinx-favicon", "sphinx-inline-tabs", "sphinx-lint", "sphinx-notfound-page (>=1,<2)", "sphinx-reredirects", "sphinxcontrib-towncrier"]
testing = ["build[virtualenv] (>=1.0.3)", "filelock (>=3.4.0)", "importlib-metadata", "ini2toml[lite] (>=0.14)", "jaraco.develop (>=7.21)", "jaraco.envs (>=2.2)", "jaraco.path (>=3.2.0)", "mypy (==1.9)", "packaging (>=23.2)", "pip (>=19.1)", "pyproject-hooks (!=1.1)", "pytest (>=6,!=8.1.1)", "pytest-checkdocs (>=2.4)", "pytest-cov", "pytest-enabler (>=2.2)", "pytest-home (>=0.5)", "pytest-mypy", "pytest-perf", "pytest-ruff (>=0.2.1)", "pytest-subprocess", "pytest-timeout", "pytest-xdist (>=3)", "tomli", "tomli-w (>=1.0.0)", "virtualenv (>=13.0.0)", "wheel"]

[[package]]
name = "six"
version = "1.16.0"
description = "Python 2 and 3 compatibility utilities"
optional = false
python-versions = ">=2.7, !=3.0.*, !=3.1.*, !=3.2.*"
files = [
    {file = "six-1.16.0-py2.py3-none-any.whl", hash = "sha256:8abb2f1d86890a2dfb989f9a77cfcfd3e47c2a354b01111771326f8aa26e0254"},
    {file = "six-1.16.0.tar.gz", hash = "sha256:1e61c37477a1626458e36f7b1d82aa5c9b094fa4802892072e49de9c60c4c926"},
]

[[package]]
name = "twisted"
version = "24.7.0"
description = "An asynchronous networking framework written in Python"
optional = false
python-versions = ">=3.8.0"
files = [
    {file = "twisted-24.7.0-py3-none-any.whl", hash = "sha256:734832ef98108136e222b5230075b1079dad8a3fc5637319615619a7725b0c81"},
    {file = "twisted-24.7.0.tar.gz", hash = "sha256:5a60147f044187a127ec7da96d170d49bcce50c6fd36f594e60f4587eff4d394"},
]

[package.dependencies]
attrs = ">=21.3.0"
automat = ">=0.8.0"
constantly = ">=15.1"
hyperlink = ">=17.1.1"
incremental = ">=24.7.0"
typing-extensions = ">=4.2.0"
zope-interface = ">=5"

[package.extras]
all-non-platform = ["appdirs (>=1.4.0)", "appdirs (>=1.4.0)", "bcrypt (>=3.1.3)", "bcrypt (>=3.1.3)", "cryptography (>=3.3)", "cryptography (>=3.3)", "cython-test-exception-raiser (>=1.0.2,<2)", "cython-test-exception-raiser (>=1.0.2,<2)", "h2 (>=3.0,<5.0)", "h2 (>=3.0,<5.0)", "hypothesis (>=6.56)", "hypothesis (>=6.56)", "idna (>=2.4)", "idna (>=2.4)", "priority (>=1.1.0,<2.0)", "priority (>=1.1.0,<2.0)", "pyhamcrest (>=2)", "pyhamcrest (>=2)", "pyopenssl (>=21.0.0)", "pyopenssl (>=21.0.0)", "pyserial (>=3.0)", "pyserial (>=3.0)", "pywin32 (!=226)", "pywin32 (!=226)", "service-identity (>=18.1.0)", "service-identity (>=18.1.0)"]
conch = ["appdirs (>=1.4.0)", "bcrypt (>=3.1.3)", "cryptography (>=3.3)"]
dev = ["coverage (>=7.5,<8.0)", "cython-test-exception-raiser (>=1.0.2,<2)", "hypothesis (>=6.56)", "pydoctor (>=23.9.0,<23.10.0)", "pyflakes (>=2.2,<3.0)", "pyhamcrest (>=2)", "python-subunit (>=1.4,<2.0)", "sphinx (>=6,<7)", "sphinx-rtd-theme (>=1.3,<2.0)", "towncrier (>=23.6,<24.0)", "twistedchecker (>=0.7,<1.0)"]
dev-release = ["pydoctor (>=23.9.0,<23.10.0)", "pydoctor (>=23.9.0,<23.10.0)", "sphinx (>=6,<7)", "sphinx (>=6,<7)", "sphinx-rtd-theme (>=1.3,<2.0)", "sphinx-rtd-theme (>=1.3,<2.0)", "towncrier (>=23.6,<24.0)", "towncrier (>=23.6,<24.0)"]
gtk-platform = ["appdirs (>=1.4.0)", "appdirs (>=1.4.0)", "bcrypt (>=3.1.3)", "bcrypt (>=3.1.3)", "cryptography (>=3.3)", "cryptography (>=3.3)", "cython-test-exception-raiser (>=1.0.2,<2)", "cython-test-exception-raiser (>=1.0.2,<2)", "h2 (>=3.0,<5.0)", "h2 (>=3.0,<5.0)", "hypothesis (>=6.56)", "hypothesis (>=6.56)", "idna (>=2.4)", "idna (>=2.4)", "priority (>=1.1.0,<2.0)", "priority (>=1.1.0,<2.0)", "pygobject", "pygobject", "pyhamcrest (>=2)", "pyhamcrest (>=2)", "pyopenssl (>=21.0.0)", "pyopenssl (>=21.0.0)", "pyserial (>=3.0)", "pyserial (>=3.0)", "pywin32 (!=226)", "pywin32 (!=226)", "service-identity (>=18.1.0)", "service-identity (>=18.1.0)"]
http2 = ["h2 (>=3.0,<5.0)", "priority (>=1.1.0,<2.0)"]
macos-platform = ["appdirs (>=1.4.0)", "appdirs (>=1.4.0)", "bcrypt (>=3.1.3)", "bcrypt (>=3.1.3)", "cryptography (>=3.3)", "cryptography (>=3.3)", "cython-test-exception-raiser (>=1.0.2,<2)", "cython-test-exception-raiser (>=1.0.2,<2)", "h2 (>=3.0,<5.0)", "h2 (>=3.0,<5.0)", "hypothesis (>=6.56)", "hypothesis (>=6.56)", "idna (>=2.4)", "idna (>=2.4)", "priority (>=1.1.0,<2.0)", "priority (>=1.1.0,<2.0)", "pyhamcrest (>=2)", "pyhamcrest (>=2)", "pyobjc-core", "pyobjc-core", "pyobjc-framework-cfnetwork", "pyobjc-framework-cfnetwork", "pyobjc-framework-cocoa", "pyobjc-framework-cocoa", "pyopenssl (>=21.0.0)", "pyopenssl (>=21.0.0)", "pyserial (>=3.0)", "pyserial (>=3.0)", "pywin32 (!=226)", "pywin32 (!=226)", "service-identity (>=18.1.0)", "service-identity (>=18.1.0)"]
mypy = ["appdirs (>=1.4.0)", "bcrypt (>=3.1.3)", "coverage (>=7.5,<8.0)", "cryptography (>=3.3)", "cython-test-exception-raiser (>=1.0.2,<2)", "h2 (>=3.0,<5.0)", "hypothesis (>=6.56)", "idna (>=2.4)", "mypy (>=1.8,<2.0)", "mypy-zope (>=1.0.3,<1.1.0)", "priority (>=1.1.0,<2.0)", "pydoctor (>=23.9.0,<23.10.0)", "pyflakes (>=2.2,<3.0)", "pyhamcrest (>=2)", "pyopenssl (>=21.0.0)", "pyserial (>=3.0)", "python-subunit (>=1.4,<2.0)", "pywin32 (!=226)", "service-identity (>=18.1.0)", "sphinx (>=6,<7)", "sphinx-rtd-theme (>=1.3,<2.0)", "towncrier (>=23.6,<24.0)", "twistedchecker (>=0.7,<1.0)", "types-pyopenssl", "types-setuptools"]
osx-platform = ["appdirs (>=1.4.0)", "appdirs (>=1.4.0)", "bcrypt (>=3.1.3)", "bcrypt (>=3.1.3)", "cryptography (>=3.3)", "cryptography (>=3.3)", "cython-test-exception-raiser (>=1.0.2,<2)", "cython-test-exception-raiser (>=1.0.2,<2)", "h2 (>=3.0,<5.0)", "h2 (>=3.0,<5.0)", "hypothesis (>=6.56)", "hypothesis (>=6.56)", "idna (>=2.4)", "idna (>=2.4)", "priority (>=1.1.0,<2.0)", "priority (>=1.1.0,<2.0)", "pyhamcrest (>=2)", "pyhamcrest (>=2)", "pyobjc-core", "pyobjc-core", "pyobjc-framework-cfnetwork", "pyobjc-framework-cfnetwork", "pyobjc-framework-cocoa", "pyobjc-framework-cocoa", "pyopenssl (>=21.0.0)", "pyopenssl (>=21.0.0)", "pyserial (>=3.0)", "pyserial (>=3.0)", "pywin32 (!=226)", "pywin32 (!=226)", "service-identity (>=18.1.0)", "service-identity (>=18.1.0)"]
serial = ["pyserial (>=3.0)", "pywin32 (!=226)"]
test = ["cython-test-exception-raiser (>=1.0.2,<2)", "hypothesis (>=6.56)", "pyhamcrest (>=2)"]
tls = ["idna (>=2.4)", "pyopenssl (>=21.0.0)", "service-identity (>=18.1.0)"]
windows-platform = ["appdirs (>=1.4.0)", "appdirs (>=1.4.0)", "bcrypt (>=3.1.3)", "bcrypt (>=3.1.3)", "cryptography (>=3.3)", "cryptography (>=3.3)", "cython-test-exception-raiser (>=1.0.2,<2)", "cython-test-exception-raiser (>=1.0.2,<2)", "h2 (>=3.0,<5.0)", "h2 (>=3.0,<5.0)", "hypothesis (>=6.56)", "hypothesis (>=6.56)", "idna (>=2.4)", "idna (>=2.4)", "priority (>=1.1.0,<2.0)", "priority (>=1.1.0,<2.0)", "pyhamcrest (>=2)", "pyhamcrest (>=2)", "pyopenssl (>=21.0.0)", "pyopenssl (>=21.0.0)", "pyserial (>=3.0)", "pyserial (>=3.0)", "pywin32 (!=226)", "pywin32 (!=226)", "pywin32 (!=226)", "pywin32 (!=226)", "service-identity (>=18.1.0)", "service-identity (>=18.1.0)", "twisted-iocpsupport (>=1.0.2)", "twisted-iocpsupport (>=1.0.2)"]

[[package]]
name = "typing-extensions"
version = "4.12.0"
description = "Backported and Experimental Type Hints for Python 3.8+"
optional = false
python-versions = ">=3.8"
files = [
    {file = "typing_extensions-4.12.0-py3-none-any.whl", hash = "sha256:b349c66bea9016ac22978d800cfff206d5f9816951f12a7d0ec5578b0a819594"},
    {file = "typing_extensions-4.12.0.tar.gz", hash = "sha256:8cbcdc8606ebcb0d95453ad7dc5065e6237b6aa230a31e81d0f440c30fed5fd8"},
]

[[package]]
name = "zope-interface"
version = "6.4.post2"
description = "Interfaces for Python"
optional = false
python-versions = ">=3.7"
files = [
    {file = "zope.interface-6.4.post2-cp310-cp310-macosx_10_9_x86_64.whl", hash = "sha256:2eccd5bef45883802848f821d940367c1d0ad588de71e5cabe3813175444202c"},
    {file = "zope.interface-6.4.post2-cp310-cp310-macosx_11_0_arm64.whl", hash = "sha256:762e616199f6319bb98e7f4f27d254c84c5fb1c25c908c2a9d0f92b92fb27530"},
    {file = "zope.interface-6.4.post2-cp310-cp310-manylinux_2_17_aarch64.manylinux2014_aarch64.whl", hash = "sha256:5ef8356f16b1a83609f7a992a6e33d792bb5eff2370712c9eaae0d02e1924341"},
    {file = "zope.interface-6.4.post2-cp310-cp310-manylinux_2_5_i686.manylinux1_i686.manylinux_2_17_i686.manylinux2014_i686.whl", hash = "sha256:0e4fa5d34d7973e6b0efa46fe4405090f3b406f64b6290facbb19dcbf642ad6b"},
    {file = "zope.interface-6.4.post2-cp310-cp310-manylinux_2_5_x86_64.manylinux1_x86_64.manylinux_2_17_x86_64.manylinux2014_x86_64.whl", hash = "sha256:d22fce0b0f5715cdac082e35a9e735a1752dc8585f005d045abb1a7c20e197f9"},
    {file = "zope.interface-6.4.post2-cp310-cp310-win_amd64.whl", hash = "sha256:97e615eab34bd8477c3f34197a17ce08c648d38467489359cb9eb7394f1083f7"},
    {file = "zope.interface-6.4.post2-cp311-cp311-macosx_10_9_x86_64.whl", hash = "sha256:599f3b07bde2627e163ce484d5497a54a0a8437779362395c6b25e68c6590ede"},
    {file = "zope.interface-6.4.post2-cp311-cp311-macosx_11_0_arm64.whl", hash = "sha256:136cacdde1a2c5e5bc3d0b2a1beed733f97e2dad8c2ad3c2e17116f6590a3827"},
    {file = "zope.interface-6.4.post2-cp311-cp311-manylinux_2_17_aarch64.manylinux2014_aarch64.whl", hash = "sha256:47937cf2e7ed4e0e37f7851c76edeb8543ec9b0eae149b36ecd26176ff1ca874"},
    {file = "zope.interface-6.4.post2-cp311-cp311-manylinux_2_5_i686.manylinux1_i686.manylinux_2_17_i686.manylinux2014_i686.whl", hash = "sha256:6f0a6be264afb094975b5ef55c911379d6989caa87c4e558814ec4f5125cfa2e"},
    {file = "zope.interface-6.4.post2-cp311-cp311-manylinux_2_5_x86_64.manylinux1_x86_64.manylinux_2_17_x86_64.manylinux2014_x86_64.whl", hash = "sha256:47654177e675bafdf4e4738ce58cdc5c6d6ee2157ac0a78a3fa460942b9d64a8"},
    {file = "zope.interface-6.4.post2-cp311-cp311-win_amd64.whl", hash = "sha256:e2fb8e8158306567a3a9a41670c1ff99d0567d7fc96fa93b7abf8b519a46b250"},
    {file = "zope.interface-6.4.post2-cp312-cp312-macosx_10_9_x86_64.whl", hash = "sha256:b912750b13d76af8aac45ddf4679535def304b2a48a07989ec736508d0bbfbde"},
    {file = "zope.interface-6.4.post2-cp312-cp312-macosx_11_0_arm64.whl", hash = "sha256:4ac46298e0143d91e4644a27a769d1388d5d89e82ee0cf37bf2b0b001b9712a4"},
    {file = "zope.interface-6.4.post2-cp312-cp312-manylinux_2_17_aarch64.manylinux2014_aarch64.whl", hash = "sha256:86a94af4a88110ed4bb8961f5ac72edf782958e665d5bfceaab6bf388420a78b"},
    {file = "zope.interface-6.4.post2-cp312-cp312-manylinux_2_5_i686.manylinux1_i686.manylinux_2_17_i686.manylinux2014_i686.whl", hash = "sha256:73f9752cf3596771c7726f7eea5b9e634ad47c6d863043589a1c3bb31325c7eb"},
    {file = "zope.interface-6.4.post2-cp312-cp312-manylinux_2_5_x86_64.manylinux1_x86_64.manylinux_2_17_x86_64.manylinux2014_x86_64.whl", hash = "sha256:00b5c3e9744dcdc9e84c24ed6646d5cf0cf66551347b310b3ffd70f056535854"},
    {file = "zope.interface-6.4.post2-cp312-cp312-win_amd64.whl", hash = "sha256:551db2fe892fcbefb38f6f81ffa62de11090c8119fd4e66a60f3adff70751ec7"},
    {file = "zope.interface-6.4.post2-cp313-cp313-manylinux_2_17_aarch64.manylinux2014_aarch64.whl", hash = "sha256:e96ac6b3169940a8cd57b4f2b8edcad8f5213b60efcd197d59fbe52f0accd66e"},
    {file = "zope.interface-6.4.post2-cp313-cp313-manylinux_2_5_i686.manylinux1_i686.manylinux_2_17_i686.manylinux2014_i686.whl", hash = "sha256:cebff2fe5dc82cb22122e4e1225e00a4a506b1a16fafa911142ee124febf2c9e"},
    {file = "zope.interface-6.4.post2-cp313-cp313-manylinux_2_5_x86_64.manylinux1_x86_64.manylinux_2_17_x86_64.manylinux2014_x86_64.whl", hash = "sha256:33ee982237cffaf946db365c3a6ebaa37855d8e3ca5800f6f48890209c1cfefc"},
    {file = "zope.interface-6.4.post2-cp37-cp37m-macosx_11_0_x86_64.whl", hash = "sha256:fbf649bc77510ef2521cf797700b96167bb77838c40780da7ea3edd8b78044d1"},
    {file = "zope.interface-6.4.post2-cp37-cp37m-win_amd64.whl", hash = "sha256:4c0b208a5d6c81434bdfa0f06d9b667e5de15af84d8cae5723c3a33ba6611b82"},
    {file = "zope.interface-6.4.post2-cp38-cp38-macosx_10_9_x86_64.whl", hash = "sha256:d3fe667935e9562407c2511570dca14604a654988a13d8725667e95161d92e9b"},
    {file = "zope.interface-6.4.post2-cp38-cp38-macosx_11_0_arm64.whl", hash = "sha256:a96e6d4074db29b152222c34d7eec2e2db2f92638d2b2b2c704f9e8db3ae0edc"},
    {file = "zope.interface-6.4.post2-cp38-cp38-manylinux_2_17_aarch64.manylinux2014_aarch64.whl", hash = "sha256:866a0f583be79f0def667a5d2c60b7b4cc68f0c0a470f227e1122691b443c934"},
    {file = "zope.interface-6.4.post2-cp38-cp38-manylinux_2_5_i686.manylinux1_i686.manylinux_2_17_i686.manylinux2014_i686.whl", hash = "sha256:5fe919027f29b12f7a2562ba0daf3e045cb388f844e022552a5674fcdf5d21f1"},
    {file = "zope.interface-6.4.post2-cp38-cp38-manylinux_2_5_x86_64.manylinux1_x86_64.manylinux_2_17_x86_64.manylinux2014_x86_64.whl", hash = "sha256:8e0343a6e06d94f6b6ac52fbc75269b41dd3c57066541a6c76517f69fe67cb43"},
    {file = "zope.interface-6.4.post2-cp38-cp38-win_amd64.whl", hash = "sha256:dabb70a6e3d9c22df50e08dc55b14ca2a99da95a2d941954255ac76fd6982bc5"},
    {file = "zope.interface-6.4.post2-cp39-cp39-macosx_10_9_x86_64.whl", hash = "sha256:706efc19f9679a1b425d6fa2b4bc770d976d0984335eaea0869bd32f627591d2"},
    {file = "zope.interface-6.4.post2-cp39-cp39-macosx_11_0_arm64.whl", hash = "sha256:3d136e5b8821073e1a09dde3eb076ea9988e7010c54ffe4d39701adf0c303438"},
    {file = "zope.interface-6.4.post2-cp39-cp39-manylinux_2_17_aarch64.manylinux2014_aarch64.whl", hash = "sha256:1730c93a38b5a18d24549bc81613223962a19d457cfda9bdc66e542f475a36f4"},
    {file = "zope.interface-6.4.post2-cp39-cp39-manylinux_2_5_i686.manylinux1_i686.manylinux_2_17_i686.manylinux2014_i686.whl", hash = "sha256:bc2676312cc3468a25aac001ec727168994ea3b69b48914944a44c6a0b251e79"},
    {file = "zope.interface-6.4.post2-cp39-cp39-manylinux_2_5_x86_64.manylinux1_x86_64.manylinux_2_17_x86_64.manylinux2014_x86_64.whl", hash = "sha256:1a62fd6cd518693568e23e02f41816adedfca637f26716837681c90b36af3671"},
    {file = "zope.interface-6.4.post2-cp39-cp39-win_amd64.whl", hash = "sha256:d3f7e001328bd6466b3414215f66dde3c7c13d8025a9c160a75d7b2687090d15"},
    {file = "zope.interface-6.4.post2.tar.gz", hash = "sha256:1c207e6f6dfd5749a26f5a5fd966602d6b824ec00d2df84a7e9a924e8933654e"},
]

[package.dependencies]
setuptools = "*"

[package.extras]
docs = ["Sphinx", "repoze.sphinx.autointerface", "sphinx-rtd-theme"]
test = ["coverage (>=5.0.3)", "zope.event", "zope.testing"]
testing = ["coverage (>=5.0.3)", "zope.event", "zope.testing"]

[metadata]
lock-version = "2.0"
python-versions = "^3.12"
content-hash = "3cdc7f943cf2ec1696b966cf41f586bbac67f585fd78978d826e268a5180e678"
